
Microsoft Visual Studio Solution File, Format Version 12.00
# Visual Studio Version 16
VisualStudioVersion = 16.0.29806.167
MinimumVisualStudioVersion = 10.0.40219.1
Project("{9A19103F-16F7-4668-BE54-9A1E7A4F7556}") = "JustSim.App", "JustSim.App\JustSim.App.csproj", "{B3360C61-6E07-4009-8D50-06F7E03BBE93}"
EndProject
Project("{9A19103F-16F7-4668-BE54-9A1E7A4F7556}") = "JustSim.Contracts", "JustSim.Contracts\JustSim.Contracts.csproj", "{33420374-19B3-48FF-BC11-88893D91D188}"
EndProject
Project("{9A19103F-16F7-4668-BE54-9A1E7A4F7556}") = "JustSim.Core", "JustSim.Core\JustSim.Core.csproj", "{3EAB6246-2559-4661-BB06-596E35792BAE}"
EndProject
Project("{9A19103F-16F7-4668-BE54-9A1E7A4F7556}") = "JustSim.Workload.Contracts", "JustSim.Workload.Contracts\JustSim.Workload.Contracts.csproj", "{AEB70D87-290E-4017-A468-CFF44C537210}"
EndProject
Project("{2150E333-8FDC-42A3-9474-1A3956D46DE8}") = "tests", "tests", "{B7256A20-9905-4022-9B52-BA1E5165E1C8}"
EndProject
Project("{FAE04EC0-301F-11D3-BF4B-00C04F79EFBC}") = "JustSim.Workload.Tests", "tests\JustSim.Workload.Tests\JustSim.Workload.Tests.csproj", "{54B099AC-518B-458B-8F59-C5FC71AEF1F2}"
EndProject
Global
	GlobalSection(SolutionConfigurationPlatforms) = preSolution
		Debug|Any CPU = Debug|Any CPU
		Release|Any CPU = Release|Any CPU
	EndGlobalSection
	GlobalSection(ProjectConfigurationPlatforms) = postSolution
		{B3360C61-6E07-4009-8D50-06F7E03BBE93}.Debug|Any CPU.ActiveCfg = Debug|Any CPU
		{B3360C61-6E07-4009-8D50-06F7E03BBE93}.Debug|Any CPU.Build.0 = Debug|Any CPU
		{B3360C61-6E07-4009-8D50-06F7E03BBE93}.Release|Any CPU.ActiveCfg = Release|Any CPU
		{B3360C61-6E07-4009-8D50-06F7E03BBE93}.Release|Any CPU.Build.0 = Release|Any CPU
		{33420374-19B3-48FF-BC11-88893D91D188}.Debug|Any CPU.ActiveCfg = Debug|Any CPU
		{33420374-19B3-48FF-BC11-88893D91D188}.Debug|Any CPU.Build.0 = Debug|Any CPU
		{33420374-19B3-48FF-BC11-88893D91D188}.Release|Any CPU.ActiveCfg = Release|Any CPU
		{33420374-19B3-48FF-BC11-88893D91D188}.Release|Any CPU.Build.0 = Release|Any CPU
		{3EAB6246-2559-4661-BB06-596E35792BAE}.Debug|Any CPU.ActiveCfg = Debug|Any CPU
		{3EAB6246-2559-4661-BB06-596E35792BAE}.Debug|Any CPU.Build.0 = Debug|Any CPU
		{3EAB6246-2559-4661-BB06-596E35792BAE}.Release|Any CPU.ActiveCfg = Release|Any CPU
		{3EAB6246-2559-4661-BB06-596E35792BAE}.Release|Any CPU.Build.0 = Release|Any CPU
		{AEB70D87-290E-4017-A468-CFF44C537210}.Debug|Any CPU.ActiveCfg = Debug|Any CPU
		{AEB70D87-290E-4017-A468-CFF44C537210}.Debug|Any CPU.Build.0 = Debug|Any CPU
		{AEB70D87-290E-4017-A468-CFF44C537210}.Release|Any CPU.ActiveCfg = Release|Any CPU
		{AEB70D87-290E-4017-A468-CFF44C537210}.Release|Any CPU.Build.0 = Release|Any CPU
		{54B099AC-518B-458B-8F59-C5FC71AEF1F2}.Debug|Any CPU.ActiveCfg = Debug|Any CPU
		{54B099AC-518B-458B-8F59-C5FC71AEF1F2}.Debug|Any CPU.Build.0 = Debug|Any CPU
		{54B099AC-518B-458B-8F59-C5FC71AEF1F2}.Release|Any CPU.ActiveCfg = Release|Any CPU
		{54B099AC-518B-458B-8F59-C5FC71AEF1F2}.Release|Any CPU.Build.0 = Release|Any CPU
	EndGlobalSection
	GlobalSection(SolutionProperties) = preSolution
		HideSolutionNode = FALSE
	EndGlobalSection
	GlobalSection(NestedProjects) = preSolution
		{54B099AC-518B-458B-8F59-C5FC71AEF1F2} = {B7256A20-9905-4022-9B52-BA1E5165E1C8}
	EndGlobalSection
	GlobalSection(ExtensibilityGlobals) = postSolution
		SolutionGuid = {1E72BA7F-DC5A-4526-A641-B3FE116886E4}
	EndGlobalSection
EndGlobal
